
Microsoft Visual Studio Solution File, Format Version 12.00
# Visual Studio Version 17
VisualStudioVersion = 17.5.33627.172
MinimumVisualStudioVersion = 10.0.40219.1
Project("{FAE04EC0-301F-11D3-BF4B-00C04F79EFBC}") = "BasitBirOdevv", "BasitBirOdevv\BasitBirOdevv.csproj", "{F239E08A-7A97-4E30-9DCE-BB42E7860662}"
EndProject
Global
	GlobalSection(SolutionConfigurationPlatforms) = preSolution
		Debug|Any CPU = Debug|Any CPU
		Release|Any CPU = Release|Any CPU
	EndGlobalSection
	GlobalSection(ProjectConfigurationPlatforms) = postSolution
		{F239E08A-7A97-4E30-9DCE-BB42E7860662}.Debug|Any CPU.ActiveCfg = Debug|Any CPU
		{F239E08A-7A97-4E30-9DCE-BB42E7860662}.Debug|Any CPU.Build.0 = Debug|Any CPU
		{F239E08A-7A97-4E30-9DCE-BB42E7860662}.Release|Any CPU.ActiveCfg = Release|Any CPU
		{F239E08A-7A97-4E30-9DCE-BB42E7860662}.Release|Any CPU.Build.0 = Release|Any CPU
	EndGlobalSection
	GlobalSection(SolutionProperties) = preSolution
		HideSolutionNode = FALSE
	EndGlobalSection
	GlobalSection(ExtensibilityGlobals) = postSolution
		SolutionGuid = {2554500C-D47E-431A-9C7B-4017C49CBEF4}
	EndGlobalSection
EndGlobal
